
Microsoft Visual Studio Solution File, Format Version 12.00
# Visual Studio 15
VisualStudioVersion = 15.0.26430.14
MinimumVisualStudioVersion = 10.0.40219.1
Project("{FAE04EC0-301F-11D3-BF4B-00C04F79EFBC}") = "Weekdays", "Weekdays\Weekdays.csproj", "{94D0582E-4B43-4765-9729-D07ED1A1B1DB}"
EndProject
Project("{FAE04EC0-301F-11D3-BF4B-00C04F79EFBC}") = "Problem2 CoffeeMachine", "Problem2 CoffeeMachine\Problem2 CoffeeMachine.csproj", "{970C5E4B-4849-42DD-BD4E-87FC07911C1F}"
EndProject
Project("{FAE04EC0-301F-11D3-BF4B-00C04F79EFBC}") = "3. Create Attribute", "3. Create Attribute\3. Create Attribute.csproj", "{2CBCCF63-3822-42FC-B01B-C0FBBBDF8A5D}"
EndProject
Global
	GlobalSection(SolutionConfigurationPlatforms) = preSolution
		Debug|Any CPU = Debug|Any CPU
		Release|Any CPU = Release|Any CPU
	EndGlobalSection
	GlobalSection(ProjectConfigurationPlatforms) = postSolution
		{94D0582E-4B43-4765-9729-D07ED1A1B1DB}.Debug|Any CPU.ActiveCfg = Debug|Any CPU
		{94D0582E-4B43-4765-9729-D07ED1A1B1DB}.Debug|Any CPU.Build.0 = Debug|Any CPU
		{94D0582E-4B43-4765-9729-D07ED1A1B1DB}.Release|Any CPU.ActiveCfg = Release|Any CPU
		{94D0582E-4B43-4765-9729-D07ED1A1B1DB}.Release|Any CPU.Build.0 = Release|Any CPU
		{970C5E4B-4849-42DD-BD4E-87FC07911C1F}.Debug|Any CPU.ActiveCfg = Debug|Any CPU
		{970C5E4B-4849-42DD-BD4E-87FC07911C1F}.Debug|Any CPU.Build.0 = Debug|Any CPU
		{970C5E4B-4849-42DD-BD4E-87FC07911C1F}.Release|Any CPU.ActiveCfg = Release|Any CPU
		{970C5E4B-4849-42DD-BD4E-87FC07911C1F}.Release|Any CPU.Build.0 = Release|Any CPU
		{2CBCCF63-3822-42FC-B01B-C0FBBBDF8A5D}.Debug|Any CPU.ActiveCfg = Debug|Any CPU
		{2CBCCF63-3822-42FC-B01B-C0FBBBDF8A5D}.Debug|Any CPU.Build.0 = Debug|Any CPU
		{2CBCCF63-3822-42FC-B01B-C0FBBBDF8A5D}.Release|Any CPU.ActiveCfg = Release|Any CPU
		{2CBCCF63-3822-42FC-B01B-C0FBBBDF8A5D}.Release|Any CPU.Build.0 = Release|Any CPU
	EndGlobalSection
	GlobalSection(SolutionProperties) = preSolution
		HideSolutionNode = FALSE
	EndGlobalSection
EndGlobal
